
Microsoft Visual Studio Solution File, Format Version 12.00
# Visual Studio Version 16
VisualStudioVersion = 16.0.29326.143
MinimumVisualStudioVersion = 10.0.40219.1
Project("{FAE04EC0-301F-11D3-BF4B-00C04F79EFBC}") = "VideoPlayerTrimmer.Android", "VideoPlayerTrimmer\VideoPlayerTrimmer.Android\VideoPlayerTrimmer.Android.csproj", "{5DC4DC66-C569-4F91-9FF9-0A7A15099DAD}"
EndProject
Project("{9A19103F-16F7-4668-BE54-9A1E7A4F7556}") = "VideoPlayerTrimmer", "VideoPlayerTrimmer\VideoPlayerTrimmer\VideoPlayerTrimmer.csproj", "{D93F1A4F-D050-404A-8669-7B1AEC19ABFE}"
EndProject
Project("{FAE04EC0-301F-11D3-BF4B-00C04F79EFBC}") = "FFBinding2", "FFBinding2\FFBinding2.csproj", "{BB40B076-48F2-4848-AAE3-67CB0B9D1ACE}"
EndProject
Project("{9A19103F-16F7-4668-BE54-9A1E7A4F7556}") = "LibVLCSharp.Forms", "LibVLCSharp.Forms\LibVLCSharp.Forms.csproj", "{56E8F9F1-7F0A-49A7-9B39-63BB5CAA6FB6}"
EndProject
Global
	GlobalSection(SolutionConfigurationPlatforms) = preSolution
		Debug|Any CPU = Debug|Any CPU
		Release|Any CPU = Release|Any CPU
	EndGlobalSection
	GlobalSection(ProjectConfigurationPlatforms) = postSolution
		{5DC4DC66-C569-4F91-9FF9-0A7A15099DAD}.Debug|Any CPU.ActiveCfg = Debug|Any CPU
		{5DC4DC66-C569-4F91-9FF9-0A7A15099DAD}.Debug|Any CPU.Build.0 = Debug|Any CPU
		{5DC4DC66-C569-4F91-9FF9-0A7A15099DAD}.Debug|Any CPU.Deploy.0 = Debug|Any CPU
		{5DC4DC66-C569-4F91-9FF9-0A7A15099DAD}.Release|Any CPU.ActiveCfg = Release|Any CPU
		{5DC4DC66-C569-4F91-9FF9-0A7A15099DAD}.Release|Any CPU.Build.0 = Release|Any CPU
		{5DC4DC66-C569-4F91-9FF9-0A7A15099DAD}.Release|Any CPU.Deploy.0 = Release|Any CPU
		{D93F1A4F-D050-404A-8669-7B1AEC19ABFE}.Debug|Any CPU.ActiveCfg = Debug|Any CPU
		{D93F1A4F-D050-404A-8669-7B1AEC19ABFE}.Debug|Any CPU.Build.0 = Debug|Any CPU
		{D93F1A4F-D050-404A-8669-7B1AEC19ABFE}.Debug|Any CPU.Deploy.0 = Debug|Any CPU
		{D93F1A4F-D050-404A-8669-7B1AEC19ABFE}.Release|Any CPU.ActiveCfg = Release|Any CPU
		{D93F1A4F-D050-404A-8669-7B1AEC19ABFE}.Release|Any CPU.Build.0 = Release|Any CPU
		{D93F1A4F-D050-404A-8669-7B1AEC19ABFE}.Release|Any CPU.Deploy.0 = Release|Any CPU
		{BB40B076-48F2-4848-AAE3-67CB0B9D1ACE}.Debug|Any CPU.ActiveCfg = Debug|Any CPU
		{BB40B076-48F2-4848-AAE3-67CB0B9D1ACE}.Debug|Any CPU.Build.0 = Debug|Any CPU
		{BB40B076-48F2-4848-AAE3-67CB0B9D1ACE}.Release|Any CPU.ActiveCfg = Release|Any CPU
		{BB40B076-48F2-4848-AAE3-67CB0B9D1ACE}.Release|Any CPU.Build.0 = Release|Any CPU
		{56E8F9F1-7F0A-49A7-9B39-63BB5CAA6FB6}.Debug|Any CPU.ActiveCfg = Debug|Any CPU
		{56E8F9F1-7F0A-49A7-9B39-63BB5CAA6FB6}.Debug|Any CPU.Build.0 = Debug|Any CPU
		{56E8F9F1-7F0A-49A7-9B39-63BB5CAA6FB6}.Release|Any CPU.ActiveCfg = Release|Any CPU
		{56E8F9F1-7F0A-49A7-9B39-63BB5CAA6FB6}.Release|Any CPU.Build.0 = Release|Any CPU
	EndGlobalSection
	GlobalSection(SolutionProperties) = preSolution
		HideSolutionNode = FALSE
	EndGlobalSection
	GlobalSection(ExtensibilityGlobals) = postSolution
		SolutionGuid = {C5FDCA92-F5F5-49B6-87B4-EC02D19F5355}
	EndGlobalSection
EndGlobal
